{
  "name": "OSSM-Web-Control",
  "lockfileVersion": 3,
  "requires": true,
  "packages": {
    "": {
      "devDependencies": {
        "@types/web-bluetooth": "^0.0.21",
        "user-agent-data-types": "^0.4.2"
      }
    },
    "node_modules/@types/web-bluetooth": {
      "version": "0.0.21",
      "resolved": "https://registry.npmjs.org/@types/web-bluetooth/-/web-bluetooth-0.0.21.tgz",
      "integrity": "sha512-oIQLCGWtcFZy2JW77j9k8nHzAOpqMHLQejDA48XXMWH6tjCQHz5RCFz1bzsmROyL6PUm+LLnUiI4BCn221inxA==",
      "dev": true,
      "license": "MIT"
    },
    "node_modules/user-agent-data-types": {
      "version": "0.4.2",
      "resolved": "https://registry.npmjs.org/user-agent-data-types/-/user-agent-data-types-0.4.2.tgz",
      "integrity": "sha512-jXep3kO/dGNmDOkbDa8ccp4QArgxR4I76m3QVcJ1aOF0B9toc+YtSXtX5gLdDTZXyWlpQYQrABr6L1L2GZOghw==",
      "dev": true,
      "license": "MIT"
    }
  }
}
